# This file was autogenerated by Stack.
# You should not edit this file by hand.
# For more information, please see the documentation at:
#   https://docs.haskellstack.org/en/stable/lock_files

packages:
- completed:
    hackage: gps-1.2@sha256:4fe1bef6ffc95359c1875e961905d4be90c0d906c9c8b15578b52fe176491edf,1267
    pantry-tree:
      size: 447
      sha256: 2cd321b384de9ff1fa4e2c07df42c0906771a14caeb6cab4ae5c33068a5213fd
  original:
    hackage: gps-1.2
- completed:
    hackage: reverse-geocoding-0.3.0.0@sha256:e78ad7f3aa759566a5709f9ddde911760e919b0027d391f4eacbc83feed7b9cd,1339
    pantry-tree:
      size: 393
      sha256: 18e841699a23c05220d7790f329e89c18f18022f1be64019ac6aaac0f2238993
  original:
    hackage: reverse-geocoding-0.3.0.0
- completed:
    hackage: authenticate-oauth-1.5.1.2@sha256:8bd5240fa7d54eea37a8ad94ac7eeda62b6d4f9c381efeb750a2853e24edc296,1484
    pantry-tree:
      size: 399
      sha256: 9cb921ff6e03dd9083889754036ce90069ff2a18ac883a4957a8825be8b3db18
  original:
    hackage: authenticate-oauth-1.5.1.2
- completed:
    hackage: http-client-0.4.31.2@sha256:b6f7992fda166d2ce14b7050081ab5f4a711df5b0883bc15ce95f3be92026256,4937
    pantry-tree:
      size: 2336
      sha256: 906cf949ddadc6a02999700f1868f3e3a377b6b5f3fdc9e476dd93e1be899198
  original:
    hackage: http-client-0.4.31.2
- completed:
    hackage: http-client-tls-0.2.4.1@sha256:26f1b0cf1b449df4fce7c4531444ff06ccfacae528d20c5470461ecc4058f56c,1440
    pantry-tree:
      size: 378
      sha256: 7af0f84aab3beb28ede4f16ff67d4a5fdd81a10a596a56ac2b8af2a10376717c
  original:
    hackage: http-client-tls-0.2.4.1
- completed:
    hackage: wreq-0.4.1.0@sha256:415dee42256dec3b5dae7c18bd9bf610ebe55c053d371c8afb994c9525fafa36,5327
    pantry-tree:
      size: 2422
      sha256: 7681ad0de74d2b040bd473cb2d081d7020ab86dca9917c32de89e7d1e1e77198
  original:
    hackage: wreq-0.4.1.0
- completed:
    hackage: radium-0.8.0@sha256:54b8cb6b20aaae1b8e64ffb3cd72ec23af7c9e9fe7890da43a38f7bf165ae72b,1903
    pantry-tree:
      size: 686
      sha256: ced38def4f079fff98ffebece39940bf5cfade4da527dec813b31fdde31d922d
  original:
    hackage: radium-0.8.0
snapshots:
- completed:
    size: 486918
    url: https://raw.githubusercontent.com/commercialhaskell/stackage-snapshots/master/lts/8/9.yaml
    sha256: ed27d50405c8fa99e61238cedccbe95b1dde6fb53dc5e6f50eae207845da861a
  original: lts-8.9
